
Microsoft Visual Studio Solution File, Format Version 12.00
# Visual Studio Version 17
VisualStudioVersion = 17.6.33829.357
MinimumVisualStudioVersion = 10.0.40219.1
Project("{9A19103F-16F7-4668-BE54-9A1E7A4F7556}") = "MagicBytesValidator", "MagicBytesValidator\MagicBytesValidator.csproj", "{E944E89C-D807-45B8-9173-33DD42116BB3}"
EndProject
Project("{9A19103F-16F7-4668-BE54-9A1E7A4F7556}") = "MagicBytesValidator.Tests", "MagicBytesValidator.Tests\MagicBytesValidator.Tests.csproj", "{B23AB832-C861-448A-A44F-DC46E1884FB0}"
EndProject
Project("{FAE04EC0-301F-11D3-BF4B-00C04F79EFBC}") = "MagicBytesValidatorNetFramework", "MagicBytesValidatorNetFramework\MagicBytesValidatorNetFramework.csproj", "{04FDA514-3BE8-4938-A30F-655809AC8DAA}"
EndProject
Global
	GlobalSection(SolutionConfigurationPlatforms) = preSolution
		Debug|Any CPU = Debug|Any CPU
		Release|Any CPU = Release|Any CPU
	EndGlobalSection
	GlobalSection(ProjectConfigurationPlatforms) = postSolution
		{E944E89C-D807-45B8-9173-33DD42116BB3}.Debug|Any CPU.ActiveCfg = Debug|Any CPU
		{E944E89C-D807-45B8-9173-33DD42116BB3}.Debug|Any CPU.Build.0 = Debug|Any CPU
		{E944E89C-D807-45B8-9173-33DD42116BB3}.Release|Any CPU.ActiveCfg = Release|Any CPU
		{E944E89C-D807-45B8-9173-33DD42116BB3}.Release|Any CPU.Build.0 = Release|Any CPU
		{B23AB832-C861-448A-A44F-DC46E1884FB0}.Debug|Any CPU.ActiveCfg = Debug|Any CPU
		{B23AB832-C861-448A-A44F-DC46E1884FB0}.Debug|Any CPU.Build.0 = Debug|Any CPU
		{B23AB832-C861-448A-A44F-DC46E1884FB0}.Release|Any CPU.ActiveCfg = Release|Any CPU
		{B23AB832-C861-448A-A44F-DC46E1884FB0}.Release|Any CPU.Build.0 = Release|Any CPU
		{04FDA514-3BE8-4938-A30F-655809AC8DAA}.Debug|Any CPU.ActiveCfg = Debug|Any CPU
		{04FDA514-3BE8-4938-A30F-655809AC8DAA}.Debug|Any CPU.Build.0 = Debug|Any CPU
		{04FDA514-3BE8-4938-A30F-655809AC8DAA}.Release|Any CPU.ActiveCfg = Release|Any CPU
		{04FDA514-3BE8-4938-A30F-655809AC8DAA}.Release|Any CPU.Build.0 = Release|Any CPU
	EndGlobalSection
	GlobalSection(SolutionProperties) = preSolution
		HideSolutionNode = FALSE
	EndGlobalSection
	GlobalSection(ExtensibilityGlobals) = postSolution
		SolutionGuid = {6895C489-E196-440B-A6D0-A97221B01635}
	EndGlobalSection
EndGlobal
